dependencies:
- name: yas-configuration
  repository: file://../yas-configuration
  version: 0.4.0
- name: database
  repository: file://../database
  version: 0.1.0
- name: identity
  repository: file://../identity
  version: 0.1.0
- name: jaeger
  repository: file://../jaeger
  version: 0.1.0
- name: media
  repository: file://../media
  version: 0.1.0
- name: product
  repository: file://../product
  version: 0.1.0
- name: storefront-bff
  repository: file://../storefront-bff
  version: 0.1.0
- name: backoffice-bff
  repository: file://../backoffice-bff
  version: 0.1.0
- name: storefront-ui
  repository: file://../storefront-ui
  version: 0.1.0
- name: backoffice-ui
  repository: file://../backoffice-ui
  version: 0.1.0
- name: cart
  repository: file://../cart
  version: 0.2.0
- name: order
  repository: file://../order
  version: 0.2.0
- name: customer
  repository: file://../customer
  version: 0.1.0
- name: inventory
  repository: file://../inventory
  version: 0.1.0
- name: tax
  repository: file://../tax
  version: 0.1.0
- name: search
  repository: file://../search
  version: 0.1.0
- name: swagger-ui
  repository: file://../swagger-ui
  version: 0.1.0
digest: sha256:84e119ffbd652ac8b0875ec6b3663b541c22a98dcb305b55f6cbd701a4f5fa7d
generated: "2026-05-15T19:07:39.016338623+07:00"
